
Microsoft Visual Studio Solution File, Format Version 12.00
# Visual Studio 15
VisualStudioVersion = 15.0.28307.168
MinimumVisualStudioVersion = 10.0.40219.1
Project("{FAE04EC0-301F-11D3-BF4B-00C04F79EFBC}") = "Projeto01", "Projeto01\Projeto01.csproj", "{79ADFEB0-38BB-4BCE-A557-CC7C8E4DCEFB}"
EndProject
Project("{FAE04EC0-301F-11D3-BF4B-00C04F79EFBC}") = "Modelo", "Modelo\Modelo.csproj", "{F7BC3757-4F7F-493B-B2AB-D7DB5C877342}"
EndProject
Project("{FAE04EC0-301F-11D3-BF4B-00C04F79EFBC}") = "Persistencia", "Persistencia\Persistencia.csproj", "{25187CA5-B9F2-4F55-B3B4-10C02F1B0C9A}"
EndProject
Project("{FAE04EC0-301F-11D3-BF4B-00C04F79EFBC}") = "Servico", "Servico\Servico.csproj", "{EA5E0F4B-6947-49A3-B8E5-AAAE553A4A74}"
EndProject
Global
	GlobalSection(SolutionConfigurationPlatforms) = preSolution
		Debug|Any CPU = Debug|Any CPU
		Release|Any CPU = Release|Any CPU
	EndGlobalSection
	GlobalSection(ProjectConfigurationPlatforms) = postSolution
		{79ADFEB0-38BB-4BCE-A557-CC7C8E4DCEFB}.Debug|Any CPU.ActiveCfg = Debug|Any CPU
		{79ADFEB0-38BB-4BCE-A557-CC7C8E4DCEFB}.Debug|Any CPU.Build.0 = Debug|Any CPU
		{79ADFEB0-38BB-4BCE-A557-CC7C8E4DCEFB}.Release|Any CPU.ActiveCfg = Release|Any CPU
		{79ADFEB0-38BB-4BCE-A557-CC7C8E4DCEFB}.Release|Any CPU.Build.0 = Release|Any CPU
		{F7BC3757-4F7F-493B-B2AB-D7DB5C877342}.Debug|Any CPU.ActiveCfg = Debug|Any CPU
		{F7BC3757-4F7F-493B-B2AB-D7DB5C877342}.Debug|Any CPU.Build.0 = Debug|Any CPU
		{F7BC3757-4F7F-493B-B2AB-D7DB5C877342}.Release|Any CPU.ActiveCfg = Release|Any CPU
		{F7BC3757-4F7F-493B-B2AB-D7DB5C877342}.Release|Any CPU.Build.0 = Release|Any CPU
		{25187CA5-B9F2-4F55-B3B4-10C02F1B0C9A}.Debug|Any CPU.ActiveCfg = Debug|Any CPU
		{25187CA5-B9F2-4F55-B3B4-10C02F1B0C9A}.Debug|Any CPU.Build.0 = Debug|Any CPU
		{25187CA5-B9F2-4F55-B3B4-10C02F1B0C9A}.Release|Any CPU.ActiveCfg = Release|Any CPU
		{25187CA5-B9F2-4F55-B3B4-10C02F1B0C9A}.Release|Any CPU.Build.0 = Release|Any CPU
		{EA5E0F4B-6947-49A3-B8E5-AAAE553A4A74}.Debug|Any CPU.ActiveCfg = Debug|Any CPU
		{EA5E0F4B-6947-49A3-B8E5-AAAE553A4A74}.Debug|Any CPU.Build.0 = Debug|Any CPU
		{EA5E0F4B-6947-49A3-B8E5-AAAE553A4A74}.Release|Any CPU.ActiveCfg = Release|Any CPU
		{EA5E0F4B-6947-49A3-B8E5-AAAE553A4A74}.Release|Any CPU.Build.0 = Release|Any CPU
	EndGlobalSection
	GlobalSection(SolutionProperties) = preSolution
		HideSolutionNode = FALSE
	EndGlobalSection
	GlobalSection(ExtensibilityGlobals) = postSolution
		SolutionGuid = {CA1F127A-CA14-4A9C-AC8B-4C0FFBA81A3E}
	EndGlobalSection
EndGlobal
